
Microsoft Visual Studio Solution File, Format Version 12.00
# Visual Studio Version 17
VisualStudioVersion = 17.13.35828.75
MinimumVisualStudioVersion = 10.0.40219.1
Project("{FAE04EC0-301F-11D3-BF4B-00C04F79EFBC}") = "MicroMarket", "MicroMarket\MicroMarket.csproj", "{56F5F004-804B-45BD-A11A-BE2DDC30DFEA}"
EndProject
Global
	GlobalSection(SolutionConfigurationPlatforms) = preSolution
		Debug|Any CPU = Debug|Any CPU
		Release|Any CPU = Release|Any CPU
	EndGlobalSection
	GlobalSection(ProjectConfigurationPlatforms) = postSolution
		{56F5F004-804B-45BD-A11A-BE2DDC30DFEA}.Debug|Any CPU.ActiveCfg = Debug|Any CPU
		{56F5F004-804B-45BD-A11A-BE2DDC30DFEA}.Debug|Any CPU.Build.0 = Debug|Any CPU
		{56F5F004-804B-45BD-A11A-BE2DDC30DFEA}.Release|Any CPU.ActiveCfg = Release|Any CPU
		{56F5F004-804B-45BD-A11A-BE2DDC30DFEA}.Release|Any CPU.Build.0 = Release|Any CPU
	EndGlobalSection
	GlobalSection(SolutionProperties) = preSolution
		HideSolutionNode = FALSE
	EndGlobalSection
	GlobalSection(ExtensibilityGlobals) = postSolution
		SolutionGuid = {CE51C3F1-9633-40F1-BDFB-7E595C25F69D}
	EndGlobalSection
EndGlobal
